// !$*UTF8*$!
{
	archiveVersion = 1;
	classes = {
	};
	objectVersion = 56;
	objects = {

/* Begin PBXBuildFile section */
		2C01BEC3290B22F200B08FE5 /* AlertPresentable.swift in Sources */ = {isa = PBXBuildFile; fileRef = 2C01BEC2290B22F200B08FE5 /* AlertPresentable.swift */; };
		2C189CA92910444F009B490B /* UIImage+Extensions.swift in Sources */ = {isa = PBXBuildFile; fileRef = 2C189CA82910444F009B490B /* UIImage+Extensions.swift */; };
		2C3695CA29080E1400D264DC /* LoginViewController.swift in Sources */ = {isa = PBXBuildFile; fileRef = 2C3695C929080E1400D264DC /* LoginViewController.swift */; };
		2C3695CD2908124C00D264DC /* LoginView.swift in Sources */ = {isa = PBXBuildFile; fileRef = 2C3695CC2908124C00D264DC /* LoginView.swift */; };
		2C4342D429094D470023BA0C /* GoogleService-Info.plist in Resources */ = {isa = PBXBuildFile; fileRef = 2C4342D329094D470023BA0C /* GoogleService-Info.plist */; };
		2C4342D729094DA20023BA0C /* FirebaseAuth in Frameworks */ = {isa = PBXBuildFile; productRef = 2C4342D629094DA20023BA0C /* FirebaseAuth */; };
		2C4342D929094DA20023BA0C /* FirebaseDatabaseSwift in Frameworks */ = {isa = PBXBuildFile; productRef = 2C4342D829094DA20023BA0C /* FirebaseDatabaseSwift */; };
		2C4342DB29094DA20023BA0C /* FirebaseFirestoreSwift in Frameworks */ = {isa = PBXBuildFile; productRef = 2C4342DA29094DA20023BA0C /* FirebaseFirestoreSwift */; };
		2C4342DD29094DA20023BA0C /* FirebaseRemoteConfigSwift in Frameworks */ = {isa = PBXBuildFile; productRef = 2C4342DC29094DA20023BA0C /* FirebaseRemoteConfigSwift */; };
		2C4342DF29094DA20023BA0C /* FirebaseStorage in Frameworks */ = {isa = PBXBuildFile; productRef = 2C4342DE29094DA20023BA0C /* FirebaseStorage */; };
		2C4342E2290969380023BA0C /* User.swift in Sources */ = {isa = PBXBuildFile; fileRef = 2C4342E1290969380023BA0C /* User.swift */; };
		2C4342E529096D440023BA0C /* LoginViewModel.swift in Sources */ = {isa = PBXBuildFile; fileRef = 2C4342E429096D440023BA0C /* LoginViewModel.swift */; };
		2C4342E72909744A0023BA0C /* RemoteConfigDefaults.plist in Resources */ = {isa = PBXBuildFile; fileRef = 2C4342E62909744A0023BA0C /* RemoteConfigDefaults.plist */; };
		2C4D1312290F18FD0037B49D /* BasketViewController.swift in Sources */ = {isa = PBXBuildFile; fileRef = 2C4D1311290F18FD0037B49D /* BasketViewController.swift */; };
		2C4D1318290F1C590037B49D /* ProductDetailViewController.swift in Sources */ = {isa = PBXBuildFile; fileRef = 2C4D1317290F1C590037B49D /* ProductDetailViewController.swift */; };
		2C4D131A290F1CFD0037B49D /* ProductDetailViewModel.swift in Sources */ = {isa = PBXBuildFile; fileRef = 2C4D1319290F1CFD0037B49D /* ProductDetailViewModel.swift */; };
		2C4D131C290F1F110037B49D /* ProductDetailView.swift in Sources */ = {isa = PBXBuildFile; fileRef = 2C4D131B290F1F110037B49D /* ProductDetailView.swift */; };
		2C5BEFD92906A19F003C6645 /* SplashViewController.swift in Sources */ = {isa = PBXBuildFile; fileRef = 2C5BEFD82906A19F003C6645 /* SplashViewController.swift */; };
		2C5BEFE42906B0FA003C6645 /* OnboardContainerViewController.swift in Sources */ = {isa = PBXBuildFile; fileRef = 2C5BEFE32906B0FA003C6645 /* OnboardContainerViewController.swift */; };
		2C73FA2B2909BEB200EFAE88 /* MainTabBarController.swift in Sources */ = {isa = PBXBuildFile; fileRef = 2C73FA2A2909BEB200EFAE88 /* MainTabBarController.swift */; };
		2C95C6E5291151BE005E7B18 /* Lottie in Frameworks */ = {isa = PBXBuildFile; productRef = 2C95C6E4291151BE005E7B18 /* Lottie */; };
		2CA1E724290E747B004FCAC0 /* ProductsViewController.swift in Sources */ = {isa = PBXBuildFile; fileRef = 2CA1E723290E747B004FCAC0 /* ProductsViewController.swift */; };
		2CA1E728290E7554004FCAC0 /* SearchViewController.swift in Sources */ = {isa = PBXBuildFile; fileRef = 2CA1E727290E7554004FCAC0 /* SearchViewController.swift */; };
		2CA1E72C290E7765004FCAC0 /* ProfileViewController.swift in Sources */ = {isa = PBXBuildFile; fileRef = 2CA1E72B290E7765004FCAC0 /* ProfileViewController.swift */; };
		2CA1E732290E7BFD004FCAC0 /* FakeStoreAPI.swift in Sources */ = {isa = PBXBuildFile; fileRef = 2CA1E731290E7BFD004FCAC0 /* FakeStoreAPI.swift */; };
		2CA1E735290E83D6004FCAC0 /* Product.swift in Sources */ = {isa = PBXBuildFile; fileRef = 2CA1E734290E83D6004FCAC0 /* Product.swift */; };
		2CA1E737290E83E1004FCAC0 /* Products.swift in Sources */ = {isa = PBXBuildFile; fileRef = 2CA1E736290E83E1004FCAC0 /* Products.swift */; };
		2CA1E739290E842E004FCAC0 /* ProductsViewModel.swift in Sources */ = {isa = PBXBuildFile; fileRef = 2CA1E738290E842E004FCAC0 /* ProductsViewModel.swift */; };
		2CA1E73C290E8878004FCAC0 /* CGFloat+Extensions.swift in Sources */ = {isa = PBXBuildFile; fileRef = 2CA1E73B290E8878004FCAC0 /* CGFloat+Extensions.swift */; };
		2CA1E741290E8A58004FCAC0 /* ProductsCollectionViewCell.swift in Sources */ = {isa = PBXBuildFile; fileRef = 2CA1E740290E8A57004FCAC0 /* ProductsCollectionViewCell.swift */; };
		2CA1E746290E9C97004FCAC0 /* String+Extensions.swift in Sources */ = {isa = PBXBuildFile; fileRef = 2CA1E745290E9C97004FCAC0 /* String+Extensions.swift */; };
		2CC5359729069CDF0068B1BF /* AppDelegate.swift in Sources */ = {isa = PBXBuildFile; fileRef = 2CC5359629069CDF0068B1BF /* AppDelegate.swift */; };
		2CC5359929069CDF0068B1BF /* SceneDelegate.swift in Sources */ = {isa = PBXBuildFile; fileRef = 2CC5359829069CDF0068B1BF /* SceneDelegate.swift */; };
		2CC5359B29069CDF0068B1BF /* OnboardViewController.swift in Sources */ = {isa = PBXBuildFile; fileRef = 2CC5359A29069CDF0068B1BF /* OnboardViewController.swift */; };
		2CC535A029069CDF0068B1BF /* Assets.xcassets in Resources */ = {isa = PBXBuildFile; fileRef = 2CC5359F29069CDF0068B1BF /* Assets.xcassets */; };
		2CC535A329069CDF0068B1BF /* LaunchScreen.storyboard in Resources */ = {isa = PBXBuildFile; fileRef = 2CC535A129069CDF0068B1BF /* LaunchScreen.storyboard */; };
		61140AAC4D82021FAB9E5FB1 /* Pods_ShoppingApp.framework in Frameworks */ = {isa = PBXBuildFile; fileRef = 0595C361405B7674CABC0B35 /* Pods_ShoppingApp.framework */; };
/* End PBXBuildFile section */

/* Begin PBXFileReference section */
		011AB57ECB97CDCA2AC0EFAF /* Pods-ShoppingApp.release.xcconfig */ = {isa = PBXFileReference; includeInIndex = 1; lastKnownFileType = text.xcconfig; name = "Pods-ShoppingApp.release.xcconfig"; path = "Target Support Files/Pods-ShoppingApp/Pods-ShoppingApp.release.xcconfig"; sourceTree = "<group>"; };
		0595C361405B7674CABC0B35 /* Pods_ShoppingApp.framework */ = {isa = PBXFileReference; explicitFileType = wrapper.framework; includeInIndex = 0; path = Pods_ShoppingApp.framework; sourceTree = BUILT_PRODUCTS_DIR; };
		0EF7BA948151F2382900042B /* Pods-ShoppingApp.debug.xcconfig */ = {isa = PBXFileReference; includeInIndex = 1; lastKnownFileType = text.xcconfig; name = "Pods-ShoppingApp.debug.xcconfig"; path = "Target Support Files/Pods-ShoppingApp/Pods-ShoppingApp.debug.xcconfig"; sourceTree = "<group>"; };
		2C01BEC2290B22F200B08FE5 /* AlertPresentable.swift */ = {isa = PBXFileReference; lastKnownFileType = sourcecode.swift; path = AlertPresentable.swift; sourceTree = "<group>"; };
		2C189CA82910444F009B490B /* UIImage+Extensions.swift */ = {isa = PBXFileReference; lastKnownFileType = sourcecode.swift; path = "UIImage+Extensions.swift"; sourceTree = "<group>"; };
		2C3695C929080E1400D264DC /* LoginViewController.swift */ = {isa = PBXFileReference; lastKnownFileType = sourcecode.swift; path = LoginViewController.swift; sourceTree = "<group>"; };
		2C3695CC2908124C00D264DC /* LoginView.swift */ = {isa = PBXFileReference; lastKnownFileType = sourcecode.swift; path = LoginView.swift; sourceTree = "<group>"; };
		2C4342D329094D470023BA0C /* GoogleService-Info.plist */ = {isa = PBXFileReference; fileEncoding = 4; lastKnownFileType = text.plist.xml; path = "GoogleService-Info.plist"; sourceTree = "<group>"; };
		2C4342E1290969380023BA0C /* User.swift */ = {isa = PBXFileReference; lastKnownFileType = sourcecode.swift; path = User.swift; sourceTree = "<group>"; };
		2C4342E429096D440023BA0C /* LoginViewModel.swift */ = {isa = PBXFileReference; lastKnownFileType = sourcecode.swift; path = LoginViewModel.swift; sourceTree = "<group>"; };
		2C4342E62909744A0023BA0C /* RemoteConfigDefaults.plist */ = {isa = PBXFileReference; lastKnownFileType = text.plist.xml; path = RemoteConfigDefaults.plist; sourceTree = "<group>"; };
		2C4D1311290F18FD0037B49D /* BasketViewController.swift */ = {isa = PBXFileReference; lastKnownFileType = sourcecode.swift; path = BasketViewController.swift; sourceTree = "<group>"; };
		2C4D1317290F1C590037B49D /* ProductDetailViewController.swift */ = {isa = PBXFileReference; lastKnownFileType = sourcecode.swift; path = ProductDetailViewController.swift; sourceTree = "<group>"; };
		2C4D1319290F1CFD0037B49D /* ProductDetailViewModel.swift */ = {isa = PBXFileReference; lastKnownFileType = sourcecode.swift; path = ProductDetailViewModel.swift; sourceTree = "<group>"; };
		2C4D131B290F1F110037B49D /* ProductDetailView.swift */ = {isa = PBXFileReference; lastKnownFileType = sourcecode.swift; path = ProductDetailView.swift; sourceTree = "<group>"; };
		2C5BEFD82906A19F003C6645 /* SplashViewController.swift */ = {isa = PBXFileReference; lastKnownFileType = sourcecode.swift; path = SplashViewController.swift; sourceTree = "<group>"; };
		2C5BEFE32906B0FA003C6645 /* OnboardContainerViewController.swift */ = {isa = PBXFileReference; lastKnownFileType = sourcecode.swift; path = OnboardContainerViewController.swift; sourceTree = "<group>"; };
		2C73FA2A2909BEB200EFAE88 /* MainTabBarController.swift */ = {isa = PBXFileReference; lastKnownFileType = sourcecode.swift; path = MainTabBarController.swift; sourceTree = "<group>"; };
		2CA1E723290E747B004FCAC0 /* ProductsViewController.swift */ = {isa = PBXFileReference; lastKnownFileType = sourcecode.swift; path = ProductsViewController.swift; sourceTree = "<group>"; };
		2CA1E727290E7554004FCAC0 /* SearchViewController.swift */ = {isa = PBXFileReference; lastKnownFileType = sourcecode.swift; path = SearchViewController.swift; sourceTree = "<group>"; };
		2CA1E72B290E7765004FCAC0 /* ProfileViewController.swift */ = {isa = PBXFileReference; lastKnownFileType = sourcecode.swift; path = ProfileViewController.swift; sourceTree = "<group>"; };
		2CA1E731290E7BFD004FCAC0 /* FakeStoreAPI.swift */ = {isa = PBXFileReference; lastKnownFileType = sourcecode.swift; path = FakeStoreAPI.swift; sourceTree = "<group>"; };
		2CA1E734290E83D6004FCAC0 /* Product.swift */ = {isa = PBXFileReference; lastKnownFileType = sourcecode.swift; path = Product.swift; sourceTree = "<group>"; };
		2CA1E736290E83E1004FCAC0 /* Products.swift */ = {isa = PBXFileReference; lastKnownFileType = sourcecode.swift; path = Products.swift; sourceTree = "<group>"; };
		2CA1E738290E842E004FCAC0 /* ProductsViewModel.swift */ = {isa = PBXFileReference; lastKnownFileType = sourcecode.swift; path = ProductsViewModel.swift; sourceTree = "<group>"; };
		2CA1E73B290E8878004FCAC0 /* CGFloat+Extensions.swift */ = {isa = PBXFileReference; lastKnownFileType = sourcecode.swift; path = "CGFloat+Extensions.swift"; sourceTree = "<group>"; };
		2CA1E740290E8A57004FCAC0 /* ProductsCollectionViewCell.swift */ = {isa = PBXFileReference; lastKnownFileType = sourcecode.swift; path = ProductsCollectionViewCell.swift; sourceTree = "<group>"; };
		2CA1E745290E9C97004FCAC0 /* String+Extensions.swift */ = {isa = PBXFileReference; lastKnownFileType = sourcecode.swift; path = "String+Extensions.swift"; sourceTree = "<group>"; };
		2CC5359329069CDF0068B1BF /* ShoppingApp.app */ = {isa = PBXFileReference; explicitFileType = wrapper.application; includeInIndex = 0; path = ShoppingApp.app; sourceTree = BUILT_PRODUCTS_DIR; };
		2CC5359629069CDF0068B1BF /* AppDelegate.swift */ = {isa = PBXFileReference; lastKnownFileType = sourcecode.swift; path = AppDelegate.swift; sourceTree = "<group>"; };
		2CC5359829069CDF0068B1BF /* SceneDelegate.swift */ = {isa = PBXFileReference; lastKnownFileType = sourcecode.swift; path = SceneDelegate.swift; sourceTree = "<group>"; };
		2CC5359A29069CDF0068B1BF /* OnboardViewController.swift */ = {isa = PBXFileReference; lastKnownFileType = sourcecode.swift; path = OnboardViewController.swift; sourceTree = "<group>"; };
		2CC5359F29069CDF0068B1BF /* Assets.xcassets */ = {isa = PBXFileReference; lastKnownFileType = folder.assetcatalog; path = Assets.xcassets; sourceTree = "<group>"; };
		2CC535A229069CDF0068B1BF /* Base */ = {isa = PBXFileReference; lastKnownFileType = file.storyboard; name = Base; path = Base.lproj/LaunchScreen.storyboard; sourceTree = "<group>"; };
		2CC535A429069CDF0068B1BF /* Info.plist */ = {isa = PBXFileReference; lastKnownFileType = text.plist.xml; path = Info.plist; sourceTree = "<group>"; };
/* End PBXFileReference section */

/* Begin PBXFrameworksBuildPhase section */
		2CC5359029069CDF0068B1BF /* Frameworks */ = {
			isa = PBXFrameworksBuildPhase;
			buildActionMask = 2147483647;
			files = (
				2C4342D929094DA20023BA0C /* FirebaseDatabaseSwift in Frameworks */,
				2C95C6E5291151BE005E7B18 /* Lottie in Frameworks */,
				61140AAC4D82021FAB9E5FB1 /* Pods_ShoppingApp.framework in Frameworks */,
				2C4342DD29094DA20023BA0C /* FirebaseRemoteConfigSwift in Frameworks */,
				2C4342D729094DA20023BA0C /* FirebaseAuth in Frameworks */,
				2C4342DB29094DA20023BA0C /* FirebaseFirestoreSwift in Frameworks */,
				2C4342DF29094DA20023BA0C /* FirebaseStorage in Frameworks */,
			);
			runOnlyForDeploymentPostprocessing = 0;
		};
/* End PBXFrameworksBuildPhase section */

/* Begin PBXGroup section */
		2C01BEC0290B22DC00B08FE5 /* Core */ = {
			isa = PBXGroup;
			children = (
				2CA1E73A290E8868004FCAC0 /* Extensions */,
				2CA1E730290E7BEE004FCAC0 /* Network */,
				2C01BEC1290B22E100B08FE5 /* Helpers */,
			);
			path = Core;
			sourceTree = "<group>";
		};
		2C01BEC1290B22E100B08FE5 /* Helpers */ = {
			isa = PBXGroup;
			children = (
				2C01BEC2290B22F200B08FE5 /* AlertPresentable.swift */,
			);
			path = Helpers;
			sourceTree = "<group>";
		};
		2C3695C729080DF500D264DC /* Login */ = {
			isa = PBXGroup;
			children = (
				2C4342E329096D330023BA0C /* ViewModel */,
				2C4342E02909692F0023BA0C /* Model */,
				2C3695CB2908121B00D264DC /* View */,
				2C3695C829080E0100D264DC /* Controller */,
			);
			path = Login;
			sourceTree = "<group>";
		};
		2C3695C829080E0100D264DC /* Controller */ = {
			isa = PBXGroup;
			children = (
				2C3695C929080E1400D264DC /* LoginViewController.swift */,
			);
			path = Controller;
			sourceTree = "<group>";
		};
		2C3695CB2908121B00D264DC /* View */ = {
			isa = PBXGroup;
			children = (
				2C3695CC2908124C00D264DC /* LoginView.swift */,
			);
			path = View;
			sourceTree = "<group>";
		};
		2C4342E02909692F0023BA0C /* Model */ = {
			isa = PBXGroup;
			children = (
				2C4342E1290969380023BA0C /* User.swift */,
			);
			path = Model;
			sourceTree = "<group>";
		};
		2C4342E329096D330023BA0C /* ViewModel */ = {
			isa = PBXGroup;
			children = (
				2C4342E429096D440023BA0C /* LoginViewModel.swift */,
			);
			path = ViewModel;
			sourceTree = "<group>";
		};
		2C4D130F290F18E80037B49D /* Basket */ = {
			isa = PBXGroup;
			children = (
				2C4D1310290F18EC0037B49D /* Controller */,
			);
			path = Basket;
			sourceTree = "<group>";
		};
		2C4D1310290F18EC0037B49D /* Controller */ = {
			isa = PBXGroup;
			children = (
				2C4D1311290F18FD0037B49D /* BasketViewController.swift */,
			);
			path = Controller;
			sourceTree = "<group>";
		};
		2C4D1313290F1BF80037B49D /* ProductDetail */ = {
			isa = PBXGroup;
			children = (
				2C4D1316290F1C3A0037B49D /* ViewModel */,
				2C4D1315290F1C1B0037B49D /* View */,
				2C4D1314290F1C070037B49D /* Controller */,
			);
			path = ProductDetail;
			sourceTree = "<group>";
		};
		2C4D1314290F1C070037B49D /* Controller */ = {
			isa = PBXGroup;
			children = (
				2C4D1317290F1C590037B49D /* ProductDetailViewController.swift */,
			);
			path = Controller;
			sourceTree = "<group>";
		};
		2C4D1315290F1C1B0037B49D /* View */ = {
			isa = PBXGroup;
			children = (
				2C4D131B290F1F110037B49D /* ProductDetailView.swift */,
			);
			path = View;
			sourceTree = "<group>";
		};
		2C4D1316290F1C3A0037B49D /* ViewModel */ = {
			isa = PBXGroup;
			children = (
				2C4D1319290F1CFD0037B49D /* ProductDetailViewModel.swift */,
			);
			path = ViewModel;
			sourceTree = "<group>";
		};
		2C5BEFD72906A189003C6645 /* SplashScreen */ = {
			isa = PBXGroup;
			children = (
				2C5BEFD82906A19F003C6645 /* SplashViewController.swift */,
			);
			path = SplashScreen;
			sourceTree = "<group>";
		};
		2C5BEFDA2906AB62003C6645 /* Delegates */ = {
			isa = PBXGroup;
			children = (
				2CC5359629069CDF0068B1BF /* AppDelegate.swift */,
				2CC5359829069CDF0068B1BF /* SceneDelegate.swift */,
			);
			path = Delegates;
			sourceTree = "<group>";
		};
		2C5BEFDB2906AB6A003C6645 /* OnboardingScreen */ = {
			isa = PBXGroup;
			children = (
				2C5BEFDF2906B03B003C6645 /* Controllers */,
			);
			path = OnboardingScreen;
			sourceTree = "<group>";
		};
		2C5BEFDC2906ABC7003C6645 /* Assets */ = {
			isa = PBXGroup;
			children = (
				2CC5359F29069CDF0068B1BF /* Assets.xcassets */,
			);
			path = Assets;
			sourceTree = "<group>";
		};
		2C5BEFDD2906ABCD003C6645 /* View */ = {
			isa = PBXGroup;
			children = (
				2CC535A129069CDF0068B1BF /* LaunchScreen.storyboard */,
			);
			path = View;
			sourceTree = "<group>";
		};
		2C5BEFDE2906ABD4003C6645 /* Plists */ = {
			isa = PBXGroup;
			children = (
				2C4342D329094D470023BA0C /* GoogleService-Info.plist */,
				2CC535A429069CDF0068B1BF /* Info.plist */,
				2C4342E62909744A0023BA0C /* RemoteConfigDefaults.plist */,
			);
			path = Plists;
			sourceTree = "<group>";
		};
		2C5BEFDF2906B03B003C6645 /* Controllers */ = {
			isa = PBXGroup;
			children = (
				2CC5359A29069CDF0068B1BF /* OnboardViewController.swift */,
				2C5BEFE32906B0FA003C6645 /* OnboardContainerViewController.swift */,
			);
			path = Controllers;
			sourceTree = "<group>";
		};
		2C73FA282909BE8F00EFAE88 /* Main */ = {
			isa = PBXGroup;
			children = (
				2C73FA292909BE9400EFAE88 /* Controller */,
			);
			path = Main;
			sourceTree = "<group>";
		};
		2C73FA292909BE9400EFAE88 /* Controller */ = {
			isa = PBXGroup;
			children = (
				2C73FA2A2909BEB200EFAE88 /* MainTabBarController.swift */,
			);
			path = Controller;
			sourceTree = "<group>";
		};
		2CA1E721290E745A004FCAC0 /* Products */ = {
			isa = PBXGroup;
			children = (
				2CA1E72F290E7BB0004FCAC0 /* Model */,
				2CA1E72D290E7BA7004FCAC0 /* View */,
				2CA1E72E290E7BAA004FCAC0 /* ViewModel */,
				2CA1E722290E7460004FCAC0 /* Controller */,
			);
			path = Products;
			sourceTree = "<group>";
		};
		2CA1E722290E7460004FCAC0 /* Controller */ = {
			isa = PBXGroup;
			children = (
				2CA1E723290E747B004FCAC0 /* ProductsViewController.swift */,
			);
			path = Controller;
			sourceTree = "<group>";
		};
		2CA1E725290E7541004FCAC0 /* Search */ = {
			isa = PBXGroup;
			children = (
				2CA1E726290E7548004FCAC0 /* Controller */,
			);
			path = Search;
			sourceTree = "<group>";
		};
		2CA1E726290E7548004FCAC0 /* Controller */ = {
			isa = PBXGroup;
			children = (
				2CA1E727290E7554004FCAC0 /* SearchViewController.swift */,
			);
			path = Controller;
			sourceTree = "<group>";
		};
		2CA1E729290E774F004FCAC0 /* Profile */ = {
			isa = PBXGroup;
			children = (
				2CA1E72A290E7759004FCAC0 /* Controller */,
			);
			path = Profile;
			sourceTree = "<group>";
		};
		2CA1E72A290E7759004FCAC0 /* Controller */ = {
			isa = PBXGroup;
			children = (
				2CA1E72B290E7765004FCAC0 /* ProfileViewController.swift */,
			);
			path = Controller;
			sourceTree = "<group>";
		};
		2CA1E72D290E7BA7004FCAC0 /* View */ = {
			isa = PBXGroup;
			children = (
				2CA1E73F290E8A30004FCAC0 /* ProductsCollectionViewCell */,
			);
			path = View;
			sourceTree = "<group>";
		};
		2CA1E72E290E7BAA004FCAC0 /* ViewModel */ = {
			isa = PBXGroup;
			children = (
				2CA1E738290E842E004FCAC0 /* ProductsViewModel.swift */,
			);
			path = ViewModel;
			sourceTree = "<group>";
		};
		2CA1E72F290E7BB0004FCAC0 /* Model */ = {
			isa = PBXGroup;
			children = (
				2CA1E734290E83D6004FCAC0 /* Product.swift */,
				2CA1E736290E83E1004FCAC0 /* Products.swift */,
			);
			path = Model;
			sourceTree = "<group>";
		};
		2CA1E730290E7BEE004FCAC0 /* Network */ = {
			isa = PBXGroup;
			children = (
				2CA1E731290E7BFD004FCAC0 /* FakeStoreAPI.swift */,
			);
			path = Network;
			sourceTree = "<group>";
		};
		2CA1E73A290E8868004FCAC0 /* Extensions */ = {
			isa = PBXGroup;
			children = (
				2CA1E73B290E8878004FCAC0 /* CGFloat+Extensions.swift */,
				2CA1E745290E9C97004FCAC0 /* String+Extensions.swift */,
				2C189CA82910444F009B490B /* UIImage+Extensions.swift */,
			);
			path = Extensions;
			sourceTree = "<group>";
		};
		2CA1E73F290E8A30004FCAC0 /* ProductsCollectionViewCell */ = {
			isa = PBXGroup;
			children = (
				2CA1E740290E8A57004FCAC0 /* ProductsCollectionViewCell.swift */,
			);
			path = ProductsCollectionViewCell;
			sourceTree = "<group>";
		};
		2CC5358A29069CDF0068B1BF = {
			isa = PBXGroup;
			children = (
				2CC5359529069CDF0068B1BF /* ShoppingApp */,
				2CC5359429069CDF0068B1BF /* Products */,
				FAB5431B5916D850D4567613 /* Pods */,
				938073E2229C3E2730F2EC84 /* Frameworks */,
			);
			sourceTree = "<group>";
		};
		2CC5359429069CDF0068B1BF /* Products */ = {
			isa = PBXGroup;
			children = (
				2CC5359329069CDF0068B1BF /* ShoppingApp.app */,
			);
			name = Products;
			sourceTree = "<group>";
		};
		2CC5359529069CDF0068B1BF /* ShoppingApp */ = {
			isa = PBXGroup;
			children = (
				2CC535AA29069F860068B1BF /* App */,
				2CC535AB29069F890068B1BF /* Screens */,
			);
			path = ShoppingApp;
			sourceTree = "<group>";
		};
		2CC535AA29069F860068B1BF /* App */ = {
			isa = PBXGroup;
			children = (
				2C01BEC0290B22DC00B08FE5 /* Core */,
				2C5BEFDE2906ABD4003C6645 /* Plists */,
				2C5BEFDD2906ABCD003C6645 /* View */,
				2C5BEFDC2906ABC7003C6645 /* Assets */,
				2C5BEFDA2906AB62003C6645 /* Delegates */,
			);
			path = App;
			sourceTree = "<group>";
		};
		2CC535AB29069F890068B1BF /* Screens */ = {
			isa = PBXGroup;
			children = (
				2C4D1313290F1BF80037B49D /* ProductDetail */,
				2C4D130F290F18E80037B49D /* Basket */,
				2CA1E729290E774F004FCAC0 /* Profile */,
				2CA1E725290E7541004FCAC0 /* Search */,
				2CA1E721290E745A004FCAC0 /* Products */,
				2C73FA282909BE8F00EFAE88 /* Main */,
				2C3695C729080DF500D264DC /* Login */,
				2C5BEFDB2906AB6A003C6645 /* OnboardingScreen */,
				2C5BEFD72906A189003C6645 /* SplashScreen */,
			);
			path = Screens;
			sourceTree = "<group>";
		};
		938073E2229C3E2730F2EC84 /* Frameworks */ = {
			isa = PBXGroup;
			children = (
				0595C361405B7674CABC0B35 /* Pods_ShoppingApp.framework */,
			);
			name = Frameworks;
			sourceTree = "<group>";
		};
		FAB5431B5916D850D4567613 /* Pods */ = {
			isa = PBXGroup;
			children = (
				0EF7BA948151F2382900042B /* Pods-ShoppingApp.debug.xcconfig */,
				011AB57ECB97CDCA2AC0EFAF /* Pods-ShoppingApp.release.xcconfig */,
			);
			path = Pods;
			sourceTree = "<group>";
		};
/* End PBXGroup section */

/* Begin PBXNativeTarget section */
		2CC5359229069CDF0068B1BF /* ShoppingApp */ = {
			isa = PBXNativeTarget;
			buildConfigurationList = 2CC535A729069CDF0068B1BF /* Build configuration list for PBXNativeTarget "ShoppingApp" */;
			buildPhases = (
				65791A62B78B250754808E0A /* [CP] Check Pods Manifest.lock */,
				2CC5358F29069CDF0068B1BF /* Sources */,
				2CC5359029069CDF0068B1BF /* Frameworks */,
				2CC5359129069CDF0068B1BF /* Resources */,
				8938F67A1B6416CFC600C60F /* [CP] Embed Pods Frameworks */,
			);
			buildRules = (
			);
			dependencies = (
			);
			name = ShoppingApp;
			packageProductDependencies = (
				2C4342D629094DA20023BA0C /* FirebaseAuth */,
				2C4342D829094DA20023BA0C /* FirebaseDatabaseSwift */,
				2C4342DA29094DA20023BA0C /* FirebaseFirestoreSwift */,
				2C4342DC29094DA20023BA0C /* FirebaseRemoteConfigSwift */,
				2C4342DE29094DA20023BA0C /* FirebaseStorage */,
				2C95C6E4291151BE005E7B18 /* Lottie */,
			);
			productName = ShoppingApp;
			productReference = 2CC5359329069CDF0068B1BF /* ShoppingApp.app */;
			productType = "com.apple.product-type.application";
		};
/* End PBXNativeTarget section */

/* Begin PBXProject section */
		2CC5358B29069CDF0068B1BF /* Project object */ = {
			isa = PBXProject;
			attributes = {
				BuildIndependentTargetsInParallel = 1;
				LastSwiftUpdateCheck = 1400;
				LastUpgradeCheck = 1400;
				TargetAttributes = {
					2CC5359229069CDF0068B1BF = {
						CreatedOnToolsVersion = 14.0.1;
					};
				};
			};
			buildConfigurationList = 2CC5358E29069CDF0068B1BF /* Build configuration list for PBXProject "ShoppingApp" */;
			compatibilityVersion = "Xcode 14.0";
			developmentRegion = en;
			hasScannedForEncodings = 0;
			knownRegions = (
				en,
				Base,
			);
			mainGroup = 2CC5358A29069CDF0068B1BF;
			packageReferences = (
				2C4342D529094DA20023BA0C /* XCRemoteSwiftPackageReference "firebase-ios-sdk" */,
				2C95C6E3291151BE005E7B18 /* XCRemoteSwiftPackageReference "lottie-ios" */,
			);
			productRefGroup = 2CC5359429069CDF0068B1BF /* Products */;
			projectDirPath = "";
			projectRoot = "";
			targets = (
				2CC5359229069CDF0068B1BF /* ShoppingApp */,
			);
		};
/* End PBXProject section */

/* Begin PBXResourcesBuildPhase section */
		2CC5359129069CDF0068B1BF /* Resources */ = {
			isa = PBXResourcesBuildPhase;
			buildActionMask = 2147483647;
			files = (
				2CC535A329069CDF0068B1BF /* LaunchScreen.storyboard in Resources */,
				2CC535A029069CDF0068B1BF /* Assets.xcassets in Resources */,
				2C4342E72909744A0023BA0C /* RemoteConfigDefaults.plist in Resources */,
				2C4342D429094D470023BA0C /* GoogleService-Info.plist in Resources */,
			);
			runOnlyForDeploymentPostprocessing = 0;
		};
/* End PBXResourcesBuildPhase section */

/* Begin PBXShellScriptBuildPhase section */
		65791A62B78B250754808E0A /* [CP] Check Pods Manifest.lock */ = {
			isa = PBXShellScriptBuildPhase;
			buildActionMask = 2147483647;
			files = (
			);
			inputFileListPaths = (
			);
			inputPaths = (
				"${PODS_PODFILE_DIR_PATH}/Podfile.lock",
				"${PODS_ROOT}/Manifest.lock",
			);
			name = "[CP] Check Pods Manifest.lock";
			outputFileListPaths = (
			);
			outputPaths = (
				"$(DERIVED_FILE_DIR)/Pods-ShoppingApp-checkManifestLockResult.txt",
			);
			runOnlyForDeploymentPostprocessing = 0;
			shellPath = /bin/sh;
			shellScript = "diff \"${PODS_PODFILE_DIR_PATH}/Podfile.lock\" \"${PODS_ROOT}/Manifest.lock\" > /dev/null\nif [ $? != 0 ] ; then\n    # print error to STDERR\n    echo \"error: The sandbox is not in sync with the Podfile.lock. Run 'pod install' or update your CocoaPods installation.\" >&2\n    exit 1\nfi\n# This output is used by Xcode 'outputs' to avoid re-running this script phase.\necho \"SUCCESS\" > \"${SCRIPT_OUTPUT_FILE_0}\"\n";
			showEnvVarsInLog = 0;
		};
		8938F67A1B6416CFC600C60F /* [CP] Embed Pods Frameworks */ = {
			isa = PBXShellScriptBuildPhase;
			buildActionMask = 2147483647;
			files = (
			);
			inputFileListPaths = (
				"${PODS_ROOT}/Target Support Files/Pods-ShoppingApp/Pods-ShoppingApp-frameworks-${CONFIGURATION}-input-files.xcfilelist",
			);
			name = "[CP] Embed Pods Frameworks";
			outputFileListPaths = (
				"${PODS_ROOT}/Target Support Files/Pods-ShoppingApp/Pods-ShoppingApp-frameworks-${CONFIGURATION}-output-files.xcfilelist",
			);
			runOnlyForDeploymentPostprocessing = 0;
			shellPath = /bin/sh;
			shellScript = "\"${PODS_ROOT}/Target Support Files/Pods-ShoppingApp/Pods-ShoppingApp-frameworks.sh\"\n";
			showEnvVarsInLog = 0;
		};
/* End PBXShellScriptBuildPhase section */

/* Begin PBXSourcesBuildPhase section */
		2CC5358F29069CDF0068B1BF /* Sources */ = {
			isa = PBXSourcesBuildPhase;
			buildActionMask = 2147483647;
			files = (
				2CA1E741290E8A58004FCAC0 /* ProductsCollectionViewCell.swift in Sources */,
				2CA1E739290E842E004FCAC0 /* ProductsViewModel.swift in Sources */,
				2C3695CA29080E1400D264DC /* LoginViewController.swift in Sources */,
				2C3695CD2908124C00D264DC /* LoginView.swift in Sources */,
				2C01BEC3290B22F200B08FE5 /* AlertPresentable.swift in Sources */,
				2C5BEFE42906B0FA003C6645 /* OnboardContainerViewController.swift in Sources */,
				2CA1E73C290E8878004FCAC0 /* CGFloat+Extensions.swift in Sources */,
				2CA1E72C290E7765004FCAC0 /* ProfileViewController.swift in Sources */,
				2CC5359B29069CDF0068B1BF /* OnboardViewController.swift in Sources */,
				2CA1E737290E83E1004FCAC0 /* Products.swift in Sources */,
				2C4342E2290969380023BA0C /* User.swift in Sources */,
				2CA1E724290E747B004FCAC0 /* ProductsViewController.swift in Sources */,
				2CA1E746290E9C97004FCAC0 /* String+Extensions.swift in Sources */,
				2CC5359729069CDF0068B1BF /* AppDelegate.swift in Sources */,
				2CA1E735290E83D6004FCAC0 /* Product.swift in Sources */,
				2C4D1318290F1C590037B49D /* ProductDetailViewController.swift in Sources */,
				2CA1E728290E7554004FCAC0 /* SearchViewController.swift in Sources */,
				2CC5359929069CDF0068B1BF /* SceneDelegate.swift in Sources */,
				2C73FA2B2909BEB200EFAE88 /* MainTabBarController.swift in Sources */,
				2C4D1312290F18FD0037B49D /* BasketViewController.swift in Sources */,
				2CA1E732290E7BFD004FCAC0 /* FakeStoreAPI.swift in Sources */,
				2C4D131C290F1F110037B49D /* ProductDetailView.swift in Sources */,
				2C5BEFD92906A19F003C6645 /* SplashViewController.swift in Sources */,
				2C189CA92910444F009B490B /* UIImage+Extensions.swift in Sources */,
				2C4342E529096D440023BA0C /* LoginViewModel.swift in Sources */,
				2C4D131A290F1CFD0037B49D /* ProductDetailViewModel.swift in Sources */,
			);
			runOnlyForDeploymentPostprocessing = 0;
		};
/* End PBXSourcesBuildPhase section */

/* Begin PBXVariantGroup section */
		2CC535A129069CDF0068B1BF /* LaunchScreen.storyboard */ = {
			isa = PBXVariantGroup;
			children = (
				2CC535A229069CDF0068B1BF /* Base */,
			);
			name = LaunchScreen.storyboard;
			sourceTree = "<group>";
		};
/* End PBXVariantGroup section */

/* Begin XCBuildConfiguration section */
		2CC535A529069CDF0068B1BF /* Debug */ = {
			isa = XCBuildConfiguration;
			buildSettings = {
				ALWAYS_SEARCH_USER_PATHS = NO;
				CLANG_ANALYZER_NONNULL = YES;
				CLANG_ANALYZER_NUMBER_OBJECT_CONVERSION = YES_AGGRESSIVE;
				CLANG_CXX_LANGUAGE_STANDARD = "gnu++20";
				CLANG_ENABLE_MODULES = YES;
				CLANG_ENABLE_OBJC_ARC = YES;
				CLANG_ENABLE_OBJC_WEAK = YES;
				CLANG_WARN_BLOCK_CAPTURE_AUTORELEASING = YES;
				CLANG_WARN_BOOL_CONVERSION = YES;
				CLANG_WARN_COMMA = YES;
				CLANG_WARN_CONSTANT_CONVERSION = YES;
				CLANG_WARN_DEPRECATED_OBJC_IMPLEMENTATIONS = YES;
				CLANG_WARN_DIRECT_OBJC_ISA_USAGE = YES_ERROR;
				CLANG_WARN_DOCUMENTATION_COMMENTS = YES;
				CLANG_WARN_EMPTY_BODY = YES;
				CLANG_WARN_ENUM_CONVERSION = YES;
				CLANG_WARN_INFINITE_RECURSION = YES;
				CLANG_WARN_INT_CONVERSION = YES;
				CLANG_WARN_NON_LITERAL_NULL_CONVERSION = YES;
				CLANG_WARN_OBJC_IMPLICIT_RETAIN_SELF = YES;
				CLANG_WARN_OBJC_LITERAL_CONVERSION = YES;
				CLANG_WARN_OBJC_ROOT_CLASS = YES_ERROR;
				CLANG_WARN_QUOTED_INCLUDE_IN_FRAMEWORK_HEADER = YES;
				CLANG_WARN_RANGE_LOOP_ANALYSIS = YES;
				CLANG_WARN_STRICT_PROTOTYPES = YES;
				CLANG_WARN_SUSPICIOUS_MOVE = YES;
				CLANG_WARN_UNGUARDED_AVAILABILITY = YES_AGGRESSIVE;
				CLANG_WARN_UNREACHABLE_CODE = YES;
				CLANG_WARN__DUPLICATE_METHOD_MATCH = YES;
				COPY_PHASE_STRIP = NO;
				DEBUG_INFORMATION_FORMAT = dwarf;
				ENABLE_STRICT_OBJC_MSGSEND = YES;
				ENABLE_TESTABILITY = YES;
				GCC_C_LANGUAGE_STANDARD = gnu11;
				GCC_DYNAMIC_NO_PIC = NO;
				GCC_NO_COMMON_BLOCKS = YES;
				GCC_OPTIMIZATION_LEVEL = 0;
				GCC_PREPROCESSOR_DEFINITIONS = (
					"DEBUG=1",
					"$(inherited)",
				);
				GCC_WARN_64_TO_32_BIT_CONVERSION = YES;
				GCC_WARN_ABOUT_RETURN_TYPE = YES_ERROR;
				GCC_WARN_UNDECLARED_SELECTOR = YES;
				GCC_WARN_UNINITIALIZED_AUTOS = YES_AGGRESSIVE;
				GCC_WARN_UNUSED_FUNCTION = YES;
				GCC_WARN_UNUSED_VARIABLE = YES;
				IPHONEOS_DEPLOYMENT_TARGET = 16.0;
				MTL_ENABLE_DEBUG_INFO = INCLUDE_SOURCE;
				MTL_FAST_MATH = YES;
				ONLY_ACTIVE_ARCH = YES;
				SDKROOT = iphoneos;
				SWIFT_ACTIVE_COMPILATION_CONDITIONS = DEBUG;
				SWIFT_OPTIMIZATION_LEVEL = "-Onone";
			};
			name = Debug;
		};
		2CC535A629069CDF0068B1BF /* Release */ = {
			isa = XCBuildConfiguration;
			buildSettings = {
				ALWAYS_SEARCH_USER_PATHS = NO;
				CLANG_ANALYZER_NONNULL = YES;
				CLANG_ANALYZER_NUMBER_OBJECT_CONVERSION = YES_AGGRESSIVE;
				CLANG_CXX_LANGUAGE_STANDARD = "gnu++20";
				CLANG_ENABLE_MODULES = YES;
				CLANG_ENABLE_OBJC_ARC = YES;
				CLANG_ENABLE_OBJC_WEAK = YES;
				CLANG_WARN_BLOCK_CAPTURE_AUTORELEASING = YES;
				CLANG_WARN_BOOL_CONVERSION = YES;
				CLANG_WARN_COMMA = YES;
				CLANG_WARN_CONSTANT_CONVERSION = YES;
				CLANG_WARN_DEPRECATED_OBJC_IMPLEMENTATIONS = YES;
				CLANG_WARN_DIRECT_OBJC_ISA_USAGE = YES_ERROR;
				CLANG_WARN_DOCUMENTATION_COMMENTS = YES;
				CLANG_WARN_EMPTY_BODY = YES;
				CLANG_WARN_ENUM_CONVERSION = YES;
				CLANG_WARN_INFINITE_RECURSION = YES;
				CLANG_WARN_INT_CONVERSION = YES;
				CLANG_WARN_NON_LITERAL_NULL_CONVERSION = YES;
				CLANG_WARN_OBJC_IMPLICIT_RETAIN_SELF = YES;
				CLANG_WARN_OBJC_LITERAL_CONVERSION = YES;
				CLANG_WARN_OBJC_ROOT_CLASS = YES_ERROR;
				CLANG_WARN_QUOTED_INCLUDE_IN_FRAMEWORK_HEADER = YES;
				CLANG_WARN_RANGE_LOOP_ANALYSIS = YES;
				CLANG_WARN_STRICT_PROTOTYPES = YES;
				CLANG_WARN_SUSPICIOUS_MOVE = YES;
				CLANG_WARN_UNGUARDED_AVAILABILITY = YES_AGGRESSIVE;
				CLANG_WARN_UNREACHABLE_CODE = YES;
				CLANG_WARN__DUPLICATE_METHOD_MATCH = YES;
				COPY_PHASE_STRIP = NO;
				DEBUG_INFORMATION_FORMAT = "dwarf-with-dsym";
				ENABLE_NS_ASSERTIONS = NO;
				ENABLE_STRICT_OBJC_MSGSEND = YES;
				GCC_C_LANGUAGE_STANDARD = gnu11;
				GCC_NO_COMMON_BLOCKS = YES;
				GCC_WARN_64_TO_32_BIT_CONVERSION = YES;
				GCC_WARN_ABOUT_RETURN_TYPE = YES_ERROR;
				GCC_WARN_UNDECLARED_SELECTOR = YES;
				GCC_WARN_UNINITIALIZED_AUTOS = YES_AGGRESSIVE;
				GCC_WARN_UNUSED_FUNCTION = YES;
				GCC_WARN_UNUSED_VARIABLE = YES;
				IPHONEOS_DEPLOYMENT_TARGET = 16.0;
				MTL_ENABLE_DEBUG_INFO = NO;
				MTL_FAST_MATH = YES;
				SDKROOT = iphoneos;
				SWIFT_COMPILATION_MODE = wholemodule;
				SWIFT_OPTIMIZATION_LEVEL = "-O";
				VALIDATE_PRODUCT = YES;
			};
			name = Release;
		};
		2CC535A829069CDF0068B1BF /* Debug */ = {
			isa = XCBuildConfiguration;
			baseConfigurationReference = 0EF7BA948151F2382900042B /* Pods-ShoppingApp.debug.xcconfig */;
			buildSettings = {
				ASSETCATALOG_COMPILER_APPICON_NAME = AppIcon;
				ASSETCATALOG_COMPILER_GLOBAL_ACCENT_COLOR_NAME = AccentColor;
				CODE_SIGN_STYLE = Automatic;
				CURRENT_PROJECT_VERSION = 1;
				DEVELOPMENT_TEAM = 3XR3YYGBUB;
				GENERATE_INFOPLIST_FILE = YES;
				INFOPLIST_FILE = ShoppingApp/App/Plists/Info.plist;
				INFOPLIST_KEY_UIApplicationSupportsIndirectInputEvents = YES;
				INFOPLIST_KEY_UILaunchStoryboardName = LaunchScreen;
				INFOPLIST_KEY_UISupportedInterfaceOrientations_iPad = "UIInterfaceOrientationPortrait UIInterfaceOrientationPortraitUpsideDown UIInterfaceOrientationLandscapeLeft UIInterfaceOrientationLandscapeRight";
				INFOPLIST_KEY_UISupportedInterfaceOrientations_iPhone = "UIInterfaceOrientationPortrait UIInterfaceOrientationLandscapeLeft UIInterfaceOrientationLandscapeRight";
				LD_RUNPATH_SEARCH_PATHS = (
					"$(inherited)",
					"@executable_path/Frameworks",
				);
				MARKETING_VERSION = 1.0;
				PRODUCT_BUNDLE_IDENTIFIER = com.bartugenccan.ShoppingApp;
				PRODUCT_NAME = "$(TARGET_NAME)";
				SWIFT_EMIT_LOC_STRINGS = YES;
				SWIFT_VERSION = 5.0;
				TARGETED_DEVICE_FAMILY = "1,2";
			};
			name = Debug;
		};
		2CC535A929069CDF0068B1BF /* Release */ = {
			isa = XCBuildConfiguration;
			baseConfigurationReference = 011AB57ECB97CDCA2AC0EFAF /* Pods-ShoppingApp.release.xcconfig */;
			buildSettings = {
				ASSETCATALOG_COMPILER_APPICON_NAME = AppIcon;
				ASSETCATALOG_COMPILER_GLOBAL_ACCENT_COLOR_NAME = AccentColor;
				CODE_SIGN_STYLE = Automatic;
				CURRENT_PROJECT_VERSION = 1;
				DEVELOPMENT_TEAM = 3XR3YYGBUB;
				GENERATE_INFOPLIST_FILE = YES;
				INFOPLIST_FILE = ShoppingApp/App/Plists/Info.plist;
				INFOPLIST_KEY_UIApplicationSupportsIndirectInputEvents = YES;
				INFOPLIST_KEY_UILaunchStoryboardName = LaunchScreen;
				INFOPLIST_KEY_UISupportedInterfaceOrientations_iPad = "UIInterfaceOrientationPortrait UIInterfaceOrientationPortraitUpsideDown UIInterfaceOrientationLandscapeLeft UIInterfaceOrientationLandscapeRight";
				INFOPLIST_KEY_UISupportedInterfaceOrientations_iPhone = "UIInterfaceOrientationPortrait UIInterfaceOrientationLandscapeLeft UIInterfaceOrientationLandscapeRight";
				LD_RUNPATH_SEARCH_PATHS = (
					"$(inherited)",
					"@executable_path/Frameworks",
				);
				MARKETING_VERSION = 1.0;
				PRODUCT_BUNDLE_IDENTIFIER = com.bartugenccan.ShoppingApp;
				PRODUCT_NAME = "$(TARGET_NAME)";
				SWIFT_EMIT_LOC_STRINGS = YES;
				SWIFT_VERSION = 5.0;
				TARGETED_DEVICE_FAMILY = "1,2";
			};
			name = Release;
		};
/* End XCBuildConfiguration section */

/* Begin XCConfigurationList section */
		2CC5358E29069CDF0068B1BF /* Build configuration list for PBXProject "ShoppingApp" */ = {
			isa = XCConfigurationList;
			buildConfigurations = (
				2CC535A529069CDF0068B1BF /* Debug */,
				2CC535A629069CDF0068B1BF /* Release */,
			);
			defaultConfigurationIsVisible = 0;
			defaultConfigurationName = Release;
		};
		2CC535A729069CDF0068B1BF /* Build configuration list for PBXNativeTarget "ShoppingApp" */ = {
			isa = XCConfigurationList;
			buildConfigurations = (
				2CC535A829069CDF0068B1BF /* Debug */,
				2CC535A929069CDF0068B1BF /* Release */,
			);
			defaultConfigurationIsVisible = 0;
			defaultConfigurationName = Release;
		};
/* End XCConfigurationList section */

/* Begin XCRemoteSwiftPackageReference section */
		2C4342D529094DA20023BA0C /* XCRemoteSwiftPackageReference "firebase-ios-sdk" */ = {
			isa = XCRemoteSwiftPackageReference;
			repositoryURL = "https://github.com/firebase/firebase-ios-sdk";
			requirement = {
				kind = upToNextMajorVersion;
				minimumVersion = 9.0.0;
			};
		};
		2C95C6E3291151BE005E7B18 /* XCRemoteSwiftPackageReference "lottie-ios" */ = {
			isa = XCRemoteSwiftPackageReference;
			repositoryURL = "https://github.com/airbnb/lottie-ios.git";
			requirement = {
				kind = upToNextMajorVersion;
				minimumVersion = 3.0.0;
			};
		};
/* End XCRemoteSwiftPackageReference section */

/* Begin XCSwiftPackageProductDependency section */
		2C4342D629094DA20023BA0C /* FirebaseAuth */ = {
			isa = XCSwiftPackageProductDependency;
			package = 2C4342D529094DA20023BA0C /* XCRemoteSwiftPackageReference "firebase-ios-sdk" */;
			productName = FirebaseAuth;
		};
		2C4342D829094DA20023BA0C /* FirebaseDatabaseSwift */ = {
			isa = XCSwiftPackageProductDependency;
			package = 2C4342D529094DA20023BA0C /* XCRemoteSwiftPackageReference "firebase-ios-sdk" */;
			productName = FirebaseDatabaseSwift;
		};
		2C4342DA29094DA20023BA0C /* FirebaseFirestoreSwift */ = {
			isa = XCSwiftPackageProductDependency;
			package = 2C4342D529094DA20023BA0C /* XCRemoteSwiftPackageReference "firebase-ios-sdk" */;
			productName = FirebaseFirestoreSwift;
		};
		2C4342DC29094DA20023BA0C /* FirebaseRemoteConfigSwift */ = {
			isa = XCSwiftPackageProductDependency;
			package = 2C4342D529094DA20023BA0C /* XCRemoteSwiftPackageReference "firebase-ios-sdk" */;
			productName = FirebaseRemoteConfigSwift;
		};
		2C4342DE29094DA20023BA0C /* FirebaseStorage */ = {
			isa = XCSwiftPackageProductDependency;
			package = 2C4342D529094DA20023BA0C /* XCRemoteSwiftPackageReference "firebase-ios-sdk" */;
			productName = FirebaseStorage;
		};
		2C95C6E4291151BE005E7B18 /* Lottie */ = {
			isa = XCSwiftPackageProductDependency;
			package = 2C95C6E3291151BE005E7B18 /* XCRemoteSwiftPackageReference "lottie-ios" */;
			productName = Lottie;
		};
/* End XCSwiftPackageProductDependency section */
	};
	rootObject = 2CC5358B29069CDF0068B1BF /* Project object */;
}
